dependencies:
- name: nginx
  repository: https://charts.bitnami.com/bitnami
  version: 13.2.30
- name: redis
  repository: https://charts.bitnami.com/bitnami
  version: 17.13.2
- name: postgresql
  repository: https://charts.bitnami.com/bitnami
  version: 11.9.13
digest: sha256:c2bb0c7b1d37ca3684310268b45fa070af1735c1969f256e2c94050a29c3c201
generated: "2023-07-15T10:44:28.827489145Z"
