dependencies:
- name: redis
  repository: https://charts.bitnami.com/bitnami
  version: 17.14.3
- name: postgresql
  repository: https://charts.bitnami.com/bitnami
  version: 11.9.13
- name: clickhouse
  repository: https://charts.bitnami.com/bitnami
  version: 6.2.0
digest: sha256:5764f9714b4d0e478f5ea25796091919f7ca334773989ac86235c7377db85405
generated: "2024-06-01T16:58:57.386705962Z"
